
Microsoft Visual Studio Solution File, Format Version 12.00
# Visual Studio Version 16
VisualStudioVersion = 16.0.30717.126
MinimumVisualStudioVersion = 10.0.40219.1
Project("{FAE04EC0-301F-11D3-BF4B-00C04F79EFBC}") = "WPF Reactive", "WPF Reactive.csproj", "{41371A18-6B40-42F8-831F-A5512E5EF78B}"
EndProject
Project("{FAE04EC0-301F-11D3-BF4B-00C04F79EFBC}") = "Basic Samples", "E:\___Recent Learning\Reactive RX\C#\My Samples\Basic Samples\Basic Samples.csproj", "{801DCB1E-217C-45A0-A50B-7F4D62962094}"
EndProject
Project("{FAE04EC0-301F-11D3-BF4B-00C04F79EFBC}") = "Drag n Drop", "E:\___Recent Learning\Reactive RX\C#\My Samples\Drag n Drop\Drag n Drop.csproj", "{B280292E-A09E-4AE8-9D91-676DCD20C6D9}"
EndProject
Global
	GlobalSection(SolutionConfigurationPlatforms) = preSolution
		Debug|Any CPU = Debug|Any CPU
		Release|Any CPU = Release|Any CPU
	EndGlobalSection
	GlobalSection(ProjectConfigurationPlatforms) = postSolution
		{41371A18-6B40-42F8-831F-A5512E5EF78B}.Debug|Any CPU.ActiveCfg = Debug|Any CPU
		{41371A18-6B40-42F8-831F-A5512E5EF78B}.Debug|Any CPU.Build.0 = Debug|Any CPU
		{41371A18-6B40-42F8-831F-A5512E5EF78B}.Release|Any CPU.ActiveCfg = Release|Any CPU
		{41371A18-6B40-42F8-831F-A5512E5EF78B}.Release|Any CPU.Build.0 = Release|Any CPU
		{801DCB1E-217C-45A0-A50B-7F4D62962094}.Debug|Any CPU.ActiveCfg = Debug|Any CPU
		{801DCB1E-217C-45A0-A50B-7F4D62962094}.Debug|Any CPU.Build.0 = Debug|Any CPU
		{801DCB1E-217C-45A0-A50B-7F4D62962094}.Release|Any CPU.ActiveCfg = Release|Any CPU
		{801DCB1E-217C-45A0-A50B-7F4D62962094}.Release|Any CPU.Build.0 = Release|Any CPU
		{B280292E-A09E-4AE8-9D91-676DCD20C6D9}.Debug|Any CPU.ActiveCfg = Debug|Any CPU
		{B280292E-A09E-4AE8-9D91-676DCD20C6D9}.Debug|Any CPU.Build.0 = Debug|Any CPU
		{B280292E-A09E-4AE8-9D91-676DCD20C6D9}.Release|Any CPU.ActiveCfg = Release|Any CPU
		{B280292E-A09E-4AE8-9D91-676DCD20C6D9}.Release|Any CPU.Build.0 = Release|Any CPU
	EndGlobalSection
	GlobalSection(SolutionProperties) = preSolution
		HideSolutionNode = FALSE
	EndGlobalSection
	GlobalSection(ExtensibilityGlobals) = postSolution
		SolutionGuid = {A6A1A16C-9277-4D38-BCCD-6935D4E77636}
	EndGlobalSection
EndGlobal
